<?xml version="1.0" encoding="UTF-8" standalone="yes" ?>
<CodeBlocks_project_file>
	<FileVersion major="1" minor="6" />
	<Project>
		<Option title="OpenWoC" />
		<Option pch_mode="2" />
		<Option compiler="gcc" />
		<Build>
			<Target title="bin Linux">
				<Option output="bin/OpenWoC" prefix_auto="1" extension_auto="1" />
				<Option working_dir="bin/" />
				<Option object_output="obj/Linux/" />
				<Option type="1" />
				<Option compiler="gcc" />
				<Compiler>
					<Add option="-O2" />
					<Add directory="src" />
				</Compiler>
				<Linker>
					<Add option="-s" />
					<Add library="SDL" />
					<Add library="GL" />
				</Linker>
			</Target>
			<Target title="bin Windows">
				<Option output="bin/OpenWoC" prefix_auto="1" extension_auto="1" />
				<Option working_dir="bin/" />
				<Option object_output="obj/Windows/" />
				<Option type="1" />
				<Option compiler="gcc" />
				<Compiler>
					<Add option="-O2" />
					<Add directory="src" />
					<Add directory="include" />
				</Compiler>
				<Linker>
					<Add option="-s" />
					<Add library="SDL" />
					<Add library="opengl32" />
					<Add directory="lib" />
				</Linker>
			</Target>
		</Build>
		<Compiler>
			<Add option="-O2" />
			<Add option="-Wall" />
		</Compiler>
		<Linker>
			<Add option="-s" />
			<Add option="-lm" />
		</Linker>
		<Unit filename="main.c">
			<Option compilerVar="CC" />
		</Unit>
		<Unit filename="src/elf_systypes.h" />
		<Unit filename="src/gamecode/main.h" />
		<Unit filename="src/gamelib/edbits.h" />
		<Unit filename="src/gamelib/edfile.h" />
		<Unit filename="src/gamelib/gcutscn.h" />
		<Unit filename="src/gamelib/glutils.h" />
		<Unit filename="src/newstructs_TBADDED.h" />
		<Unit filename="src/nu.h" />
		<Unit filename="src/nu3dx.h" />
		<Unit filename="src/nu3dx/nu3dxtypes.h" />
		<Unit filename="src/nu3dx/nuanim.h" />
		<Unit filename="src/nu3dx/nucamera.c">
			<Option compilerVar="CC" />
		</Unit>
		<Unit filename="src/nu3dx/nucamera.h" />
		<Unit filename="src/nu3dx/nucvtskin.h" />
		<Unit filename="src/nu3dx/nuglass.h" />
		<Unit filename="src/nu3dx/nugobj.h" />
		<Unit filename="src/nu3dx/nuhaze.h" />
		<Unit filename="src/nu3dx/nuhgobj.h" />
		<Unit filename="src/nu3dx/nulight.h" />
		<Unit filename="src/nu3dx/numtl.h" />
		<Unit filename="src/nu3dx/nurndr.h" />
		<Unit filename="src/nu3dx/nuscene.h" />
		<Unit filename="src/nu3dx/nutex.h" />
		<Unit filename="src/nu3dx/nutxanm.h" />
		<Unit filename="src/nu3dx/nuvport.h" />
		<Unit filename="src/nu3dx/nuwater.h" />
		<Unit filename="src/nucore.h" />
		<Unit filename="src/nucore/nucoretypes.h" />
		<Unit filename="src/nucore/nuerror.c">
			<Option compilerVar="CC" />
		</Unit>
		<Unit filename="src/nucore/nuerror.h" />
		<Unit filename="src/nucore/nufile.c">
			<Option compilerVar="CC" />
		</Unit>
		<Unit filename="src/nucore/nufile.h" />
		<Unit filename="src/nucore/nufpar.c">
			<Option compilerVar="CC" />
		</Unit>
		<Unit filename="src/nucore/nufpar.h" />
		<Unit filename="src/nucore/numem.c">
			<Option compilerVar="CC" />
		</Unit>
		<Unit filename="src/nucore/numem.h" />
		<Unit filename="src/numath.h" />
		<Unit filename="src/numath/nu_asm.c">
			<Option compilerVar="CC" />
		</Unit>
		<Unit filename="src/numath/nu_asm.h" />
		<Unit filename="src/numath/nufloat.c">
			<Option compilerVar="CC" />
		</Unit>
		<Unit filename="src/numath/nufloat.h" />
		<Unit filename="src/numath/numathtypes.h" />
		<Unit filename="src/numath/numtx.c">
			<Option compilerVar="CC" />
		</Unit>
		<Unit filename="src/numath/numtx.h" />
		<Unit filename="src/numath/nuplane.c">
			<Option compilerVar="CC" />
		</Unit>
		<Unit filename="src/numath/nuplane.h" />
		<Unit filename="src/numath/nuquat.c">
			<Option compilerVar="CC" />
		</Unit>
		<Unit filename="src/numath/nuquat.h" />
		<Unit filename="src/numath/nurand.c">
			<Option compilerVar="CC" />
		</Unit>
		<Unit filename="src/numath/nurand.h" />
		<Unit filename="src/numath/nutrig.c">
			<Option compilerVar="CC" />
		</Unit>
		<Unit filename="src/numath/nutrig.h" />
		<Unit filename="src/numath/nuvec.c">
			<Option compilerVar="CC" />
		</Unit>
		<Unit filename="src/numath/nuvec.h" />
		<Unit filename="src/numath/nuvec4.c">
			<Option compilerVar="CC" />
		</Unit>
		<Unit filename="src/numath/nuvec4.h" />
		<Unit filename="src/nuraster.h" />
		<Unit filename="src/nuraster/dxframe.h" />
		<Unit filename="src/nuraster/nurastertypes.h" />
		<Unit filename="src/nusound.h" />
		<Unit filename="src/nusound/nusound.c">
			<Option compilerVar="CC" />
		</Unit>
		<Unit filename="src/nusound/nusound.h" />
		<Unit filename="src/nusound/nusoundtypes.h" />
		<Unit filename="src/system.h" />
		<Unit filename="src/system/gc/gcInit.h" />
		<Unit filename="src/system/gs.h" />
		<Unit filename="src/system/gs/gs.h" />
		<Unit filename="src/system/gs/gsinit.h" />
		<Unit filename="src/system/gs/gslight.h" />
		<Unit filename="src/system/gs/gsprim.h" />
		<Unit filename="src/system/gs/gstex.h" />
		<Unit filename="src/system/ss/ss.h" />
		<Unit filename="src/system/ss/ssam.h" />
		<Unit filename="src/system/ss/ssdtk.h" />
		<Unit filename="src/system/ss/ssmix.h" />
		<Unit filename="src/system/ss/sssfx.h" />
		<Unit filename="src/system/ss/sssp.h" />
		<Unit filename="src/system/ss/sstrack.h" />
		<Unit filename="src/system/ss/sstypes.h" />
		<Unit filename="src/types.h" />
		<Extensions />
	</Project>
</CodeBlocks_project_file>
